
Microsoft Visual Studio Solution File, Format Version 12.00
# Visual Studio Version 17
VisualStudioVersion = 17.9.34607.119
MinimumVisualStudioVersion = 10.0.40219.1
Project("{FAE04EC0-301F-11D3-BF4B-00C04F79EFBC}") = "CalculatorApp", "CalculatorApp\CalculatorApp.csproj", "{FB080C0B-57EF-4B01-85C0-0A1103FBA9FA}"
EndProject
Global
	GlobalSection(SolutionConfigurationPlatforms) = preSolution
		Debug|Any CPU = Debug|Any CPU
		Release|Any CPU = Release|Any CPU
	EndGlobalSection
	GlobalSection(ProjectConfigurationPlatforms) = postSolution
		{FB080C0B-57EF-4B01-85C0-0A1103FBA9FA}.Debug|Any CPU.ActiveCfg = Debug|Any CPU
		{FB080C0B-57EF-4B01-85C0-0A1103FBA9FA}.Debug|Any CPU.Build.0 = Debug|Any CPU
		{FB080C0B-57EF-4B01-85C0-0A1103FBA9FA}.Release|Any CPU.ActiveCfg = Release|Any CPU
		{FB080C0B-57EF-4B01-85C0-0A1103FBA9FA}.Release|Any CPU.Build.0 = Release|Any CPU
	EndGlobalSection
	GlobalSection(SolutionProperties) = preSolution
		HideSolutionNode = FALSE
	EndGlobalSection
	GlobalSection(ExtensibilityGlobals) = postSolution
		SolutionGuid = {53D19681-C0E5-48FB-9D49-68DD8AB480AD}
	EndGlobalSection
EndGlobal
